github.com/RoughCookiexx/gg_elevenlabs v0.0.0-20250611225716-6fcc7d046648 h1:T9F71yQPOuecCYRUicCxsEudzKhPR6+oxYZXJJ/LbU8=
github.com/RoughCookiexx/gg_elevenlabs v0.0.0-20250611225716-6fcc7d046648/go.mod h1:Sb3sdIg6bA+bFV/QjBiDorA0BgicJMU/fQHVZZSvIMM=
github.com/RoughCookiexx/gg_sse v0.0.0-20250603190242-a2b51f479f1e h1:E3DdkqkAckhCxrg07ncfH96xRAzB12YypEjQvTZaTls=
github.com/RoughCookiexx/gg_sse v0.0.0-20250603190242-a2b51f479f1e/go.mod h1:9R5bjI4fTuUCvYFinQY6pdERDlxqqhmWPEhx7cFcsuY=
github.com/RoughCookiexx/gg_sse v0.0.0-20250620145809-ca261484696c h1:Yg5pGgkfGQJ0nL5MLcSgd1V/Bi2lmVFwA3Dpag1gck4=
github.com/RoughCookiexx/gg_sse v0.0.0-20250620145809-ca261484696c/go.mod h1:9R5bjI4fTuUCvYFinQY6pdERDlxqqhmWPEhx7cFcsuY=
github.com/RoughCookiexx/gg_twitch_types v0.0.0-20250609233857-77c5dab647a6 h1:IRs0z4DYWEhJxrcmRxx4ofGZygXwyIw+4U1NKUXYfjM=
github.com/RoughCookiexx/gg_twitch_types v0.0.0-20250609233857-77c5dab647a6/go.mod h1:X7uUa+AWDV5CaOZYWiD3A2Gp0kEemFmwIu2ma/AMKJI=
github.com/RoughCookiexx/twitch_chat_subscriber v0.0.0-20250610010439-43558e359a97 h1:7oA6pE9J9UgpcBx4RHKKfYHlh7lEzVmN1wx3r/5cIfU=
github.com/RoughCookiexx/twitch_chat_subscriber v0.0.0-20250610010439-43558e359a97/go.mod h1:u/jnpDQmdOxBhUVJV76Qj4ygHDXLgpycIGffCkUO3Xg=
